// !$*UTF8*$!
{
	archiveVersion = 1;
	classes = {
	};
	objectVersion = 77;
	objects = {

/* Begin PBXBuildFile section */
		1B7EF8B317DAB41BD059F33E /* VoiceMemosView.swift in Sources */ = {isa = PBXBuildFile; fileRef = F9608FE5CF636D66EA46C080 /* VoiceMemosView.swift */; };
		260F129B36629FD2F6D9DD40 /* HistoryView.swift in Sources */ = {isa = PBXBuildFile; fileRef = C9D03207E7913748DA6BE39F /* HistoryView.swift */; };
		3805EB240F1E86DB2C959CB5 /* HotKey in Frameworks */ = {isa = PBXBuildFile; productRef = 7F9958020379B20972D12E8E /* HotKey */; };
		3CDE8570347DE75E7617F993 /* HotkeyRecorderView.swift in Sources */ = {isa = PBXBuildFile; fileRef = 6766D94ED55151AB70B8E9E0 /* HotkeyRecorderView.swift */; };
		474587490583F3B7FA013436 /* SystemTextInsertionService.swift in Sources */ = {isa = PBXBuildFile; fileRef = C5AE4F73B5B7F1F139DB22A2 /* SystemTextInsertionService.swift */; };
		51CBAD1865C6C8ED8F51DE17 /* WhisperApp.swift in Sources */ = {isa = PBXBuildFile; fileRef = E9E9D341F12DE7E5AD9ADD1D /* WhisperApp.swift */; };
		7D13A1449FE1429A8D42D929 /* StatusView.swift in Sources */ = {isa = PBXBuildFile; fileRef = 1F55C5D5E555B1BBCD425A2B /* StatusView.swift */; };
		8F85BF961662ADDC3F545CDA /* WhisperShared in Frameworks */ = {isa = PBXBuildFile; productRef = F5719942864E039F3FFAA78E /* WhisperShared */; };
		91964F7D61AD5F6DDB92C5C0 /* CorrectionLearningEditorView.swift in Sources */ = {isa = PBXBuildFile; fileRef = 8C908B615F64CEBF30CF2BAD /* CorrectionLearningEditorView.swift */; };
		A259E11BF42F33A53656E176 /* CrashReporter.swift in Sources */ = {isa = PBXBuildFile; fileRef = 4DD7308199582DEA4C831427 /* CrashReporter.swift */; };
		A79EE56C763060B5BE8E410C /* ImmersiveWaveformView.swift in Sources */ = {isa = PBXBuildFile; fileRef = 7450E6DFF274FED97379E6BE /* ImmersiveWaveformView.swift */; };
		C07CD55CD526A301CC8582CE /* MainView.swift in Sources */ = {isa = PBXBuildFile; fileRef = BA8D10C81823671AA3A34F35 /* MainView.swift */; };
		E439772A0208227993903A69 /* TextInjector.swift in Sources */ = {isa = PBXBuildFile; fileRef = E7E8DC280965C13E26CCE7CD /* TextInjector.swift */; };
		F90C6D669E22D2EF5A1CA350 /* SettingsView.swift in Sources */ = {isa = PBXBuildFile; fileRef = 8046E0EB94FC1B49387ABAF8 /* SettingsView.swift */; };
/* End PBXBuildFile section */

/* Begin PBXFileReference section */
		1F55C5D5E555B1BBCD425A2B /* StatusView.swift */ = {isa = PBXFileReference; lastKnownFileType = sourcecode.swift; path = StatusView.swift; sourceTree = "<group>"; };
		4DD7308199582DEA4C831427 /* CrashReporter.swift */ = {isa = PBXFileReference; lastKnownFileType = sourcecode.swift; path = CrashReporter.swift; sourceTree = "<group>"; };
		6766D94ED55151AB70B8E9E0 /* HotkeyRecorderView.swift */ = {isa = PBXFileReference; lastKnownFileType = sourcecode.swift; path = HotkeyRecorderView.swift; sourceTree = "<group>"; };
		7450E6DFF274FED97379E6BE /* ImmersiveWaveformView.swift */ = {isa = PBXFileReference; lastKnownFileType = sourcecode.swift; path = ImmersiveWaveformView.swift; sourceTree = "<group>"; };
		8046E0EB94FC1B49387ABAF8 /* SettingsView.swift */ = {isa = PBXFileReference; lastKnownFileType = sourcecode.swift; path = SettingsView.swift; sourceTree = "<group>"; };
		8C908B615F64CEBF30CF2BAD /* CorrectionLearningEditorView.swift */ = {isa = PBXFileReference; lastKnownFileType = sourcecode.swift; path = CorrectionLearningEditorView.swift; sourceTree = "<group>"; };
		9316FA220E4E04212223D12E /* Voice-v2 */ = {isa = PBXFileReference; lastKnownFileType = folder; name = "Voice-v2"; path = .; sourceTree = SOURCE_ROOT; };
		B10665CD95EECCE3181D6631 /* WhisperMac.app */ = {isa = PBXFileReference; explicitFileType = wrapper.application; includeInIndex = 0; path = WhisperMac.app; sourceTree = BUILT_PRODUCTS_DIR; };
		BA8D10C81823671AA3A34F35 /* MainView.swift */ = {isa = PBXFileReference; lastKnownFileType = sourcecode.swift; path = MainView.swift; sourceTree = "<group>"; };
		C5AE4F73B5B7F1F139DB22A2 /* SystemTextInsertionService.swift */ = {isa = PBXFileReference; lastKnownFileType = sourcecode.swift; path = SystemTextInsertionService.swift; sourceTree = "<group>"; };
		C9D03207E7913748DA6BE39F /* HistoryView.swift */ = {isa = PBXFileReference; lastKnownFileType = sourcecode.swift; path = HistoryView.swift; sourceTree = "<group>"; };
		E7E8DC280965C13E26CCE7CD /* TextInjector.swift */ = {isa = PBXFileReference; lastKnownFileType = sourcecode.swift; path = TextInjector.swift; sourceTree = "<group>"; };
		E9E9D341F12DE7E5AD9ADD1D /* WhisperApp.swift */ = {isa = PBXFileReference; lastKnownFileType = sourcecode.swift; path = WhisperApp.swift; sourceTree = "<group>"; };
		F9608FE5CF636D66EA46C080 /* VoiceMemosView.swift */ = {isa = PBXFileReference; lastKnownFileType = sourcecode.swift; path = VoiceMemosView.swift; sourceTree = "<group>"; };
/* End PBXFileReference section */

/* Begin PBXFrameworksBuildPhase section */
		96D41ABCE9448B4FF4503782 /* Frameworks */ = {
			isa = PBXFrameworksBuildPhase;
			buildActionMask = 2147483647;
			files = (
				8F85BF961662ADDC3F545CDA /* WhisperShared in Frameworks */,
				3805EB240F1E86DB2C959CB5 /* HotKey in Frameworks */,
			);
			runOnlyForDeploymentPostprocessing = 0;
		};
/* End PBXFrameworksBuildPhase section */

/* Begin PBXGroup section */
		0B4E084C77CF9D1E188C9975 /* Packages */ = {
			isa = PBXGroup;
			children = (
				9316FA220E4E04212223D12E /* Voice-v2 */,
			);
			name = Packages;
			sourceTree = "<group>";
		};
		14B7F55C37271EABA556801A /* Products */ = {
			isa = PBXGroup;
			children = (
				B10665CD95EECCE3181D6631 /* WhisperMac.app */,
			);
			name = Products;
			sourceTree = "<group>";
		};
		9020872BE34A8FFE70B47D2B = {
			isa = PBXGroup;
			children = (
				C713D5F81A37C16952FD96B8 /* MacApp */,
				0B4E084C77CF9D1E188C9975 /* Packages */,
				14B7F55C37271EABA556801A /* Products */,
			);
			sourceTree = "<group>";
		};
		C713D5F81A37C16952FD96B8 /* MacApp */ = {
			isa = PBXGroup;
			children = (
				8C908B615F64CEBF30CF2BAD /* CorrectionLearningEditorView.swift */,
				4DD7308199582DEA4C831427 /* CrashReporter.swift */,
				C9D03207E7913748DA6BE39F /* HistoryView.swift */,
				6766D94ED55151AB70B8E9E0 /* HotkeyRecorderView.swift */,
				7450E6DFF274FED97379E6BE /* ImmersiveWaveformView.swift */,
				BA8D10C81823671AA3A34F35 /* MainView.swift */,
				8046E0EB94FC1B49387ABAF8 /* SettingsView.swift */,
				1F55C5D5E555B1BBCD425A2B /* StatusView.swift */,
				C5AE4F73B5B7F1F139DB22A2 /* SystemTextInsertionService.swift */,
				E7E8DC280965C13E26CCE7CD /* TextInjector.swift */,
				F9608FE5CF636D66EA46C080 /* VoiceMemosView.swift */,
				E9E9D341F12DE7E5AD9ADD1D /* WhisperApp.swift */,
			);
			name = MacApp;
			path = Sources/MacApp;
			sourceTree = "<group>";
		};
/* End PBXGroup section */

/* Begin PBXNativeTarget section */
		802C320C0F9ED7DB73C89770 /* WhisperMac */ = {
			isa = PBXNativeTarget;
			buildConfigurationList = A24F23D0D0D2BAE21945AC42 /* Build configuration list for PBXNativeTarget "WhisperMac" */;
			buildPhases = (
				01C29F24E9CE2184F9F9542E /* Sources */,
				96D41ABCE9448B4FF4503782 /* Frameworks */,
			);
			buildRules = (
			);
			dependencies = (
			);
			name = WhisperMac;
			packageProductDependencies = (
				F5719942864E039F3FFAA78E /* WhisperShared */,
				7F9958020379B20972D12E8E /* HotKey */,
			);
			productName = WhisperMac;
			productReference = B10665CD95EECCE3181D6631 /* WhisperMac.app */;
			productType = "com.apple.product-type.application";
		};
/* End PBXNativeTarget section */

/* Begin PBXProject section */
		63DA06B1090BEDB927AEBFC5 /* Project object */ = {
			isa = PBXProject;
			attributes = {
				BuildIndependentTargetsInParallel = YES;
				LastUpgradeCheck = 1430;
				TargetAttributes = {
					802C320C0F9ED7DB73C89770 = {
						ProvisioningStyle = Automatic;
					};
				};
			};
			buildConfigurationList = A30FBBEF3CF9EE9AFB1205E0 /* Build configuration list for PBXProject "Whisper" */;
			compatibilityVersion = "Xcode 14.0";
			developmentRegion = en;
			hasScannedForEncodings = 0;
			knownRegions = (
				Base,
				en,
			);
			mainGroup = 9020872BE34A8FFE70B47D2B;
			minimizedProjectReferenceProxies = 1;
			packageReferences = (
				4D65F670D7C40F0682550396 /* XCRemoteSwiftPackageReference "HotKey" */,
				B0AA3654A054F76B2BFB9496 /* XCLocalSwiftPackageReference "." */,
			);
			preferredProjectObjectVersion = 77;
			projectDirPath = "";
			projectRoot = "";
			targets = (
				802C320C0F9ED7DB73C89770 /* WhisperMac */,
			);
		};
/* End PBXProject section */

/* Begin PBXSourcesBuildPhase section */
		01C29F24E9CE2184F9F9542E /* Sources */ = {
			isa = PBXSourcesBuildPhase;
			buildActionMask = 2147483647;
			files = (
				91964F7D61AD5F6DDB92C5C0 /* CorrectionLearningEditorView.swift in Sources */,
				A259E11BF42F33A53656E176 /* CrashReporter.swift in Sources */,
				260F129B36629FD2F6D9DD40 /* HistoryView.swift in Sources */,
				3CDE8570347DE75E7617F993 /* HotkeyRecorderView.swift in Sources */,
				A79EE56C763060B5BE8E410C /* ImmersiveWaveformView.swift in Sources */,
				C07CD55CD526A301CC8582CE /* MainView.swift in Sources */,
				F90C6D669E22D2EF5A1CA350 /* SettingsView.swift in Sources */,
				7D13A1449FE1429A8D42D929 /* StatusView.swift in Sources */,
				474587490583F3B7FA013436 /* SystemTextInsertionService.swift in Sources */,
				E439772A0208227993903A69 /* TextInjector.swift in Sources */,
				1B7EF8B317DAB41BD059F33E /* VoiceMemosView.swift in Sources */,
				51CBAD1865C6C8ED8F51DE17 /* WhisperApp.swift in Sources */,
			);
			runOnlyForDeploymentPostprocessing = 0;
		};
/* End PBXSourcesBuildPhase section */

/* Begin XCBuildConfiguration section */
		2642F93AE641CFFDBCA94505 /* Release */ = {
			isa = XCBuildConfiguration;
			buildSettings = {
				ASSETCATALOG_COMPILER_APPICON_NAME = AppIcon;
				CODE_SIGN_ENTITLEMENTS = macOS/App/WhisperMac.entitlements;
				COMBINE_HIDPI_IMAGES = YES;
				ENABLE_APP_SANDBOX = NO;
				ENABLE_HARDENED_RUNTIME = YES;
				INFOPLIST_FILE = macOS/App/Info.plist;
				LD_RUNPATH_SEARCH_PATHS = (
					"$(inherited)",
					"@executable_path/../Frameworks",
				);
				PRODUCT_BUNDLE_IDENTIFIER = com.quincy.whisper;
				PRODUCT_NAME = Whisper;
				SDKROOT = macosx;
				SWIFT_VERSION = 6.0;
			};
			name = Release;
		};
		714ACB3AF4F8D18E9A4A7F47 /* Debug */ = {
			isa = XCBuildConfiguration;
			buildSettings = {
				ASSETCATALOG_COMPILER_APPICON_NAME = AppIcon;
				CODE_SIGN_ENTITLEMENTS = macOS/App/WhisperMac.entitlements;
				COMBINE_HIDPI_IMAGES = YES;
				ENABLE_APP_SANDBOX = NO;
				ENABLE_HARDENED_RUNTIME = YES;
				INFOPLIST_FILE = macOS/App/Info.plist;
				LD_RUNPATH_SEARCH_PATHS = (
					"$(inherited)",
					"@executable_path/../Frameworks",
				);
				PRODUCT_BUNDLE_IDENTIFIER = com.quincy.whisper;
				PRODUCT_NAME = Whisper;
				SDKROOT = macosx;
				SWIFT_VERSION = 6.0;
			};
			name = Debug;
		};
		9AA8829FD7313BE2FABC1071 /* Release */ = {
			isa = XCBuildConfiguration;
			buildSettings = {
				ALWAYS_SEARCH_USER_PATHS = NO;
				CLANG_ANALYZER_NONNULL = YES;
				CLANG_ANALYZER_NUMBER_OBJECT_CONVERSION = YES_AGGRESSIVE;
				CLANG_CXX_LANGUAGE_STANDARD = "gnu++14";
				CLANG_CXX_LIBRARY = "libc++";
				CLANG_ENABLE_MODULES = YES;
				CLANG_ENABLE_OBJC_ARC = YES;
				CLANG_ENABLE_OBJC_WEAK = YES;
				CLANG_WARN_BLOCK_CAPTURE_AUTORELEASING = YES;
				CLANG_WARN_BOOL_CONVERSION = YES;
				CLANG_WARN_COMMA = YES;
				CLANG_WARN_CONSTANT_CONVERSION = YES;
				CLANG_WARN_DEPRECATED_OBJC_IMPLEMENTATIONS = YES;
				CLANG_WARN_DIRECT_OBJC_ISA_USAGE = YES_ERROR;
				CLANG_WARN_DOCUMENTATION_COMMENTS = YES;
				CLANG_WARN_EMPTY_BODY = YES;
				CLANG_WARN_ENUM_CONVERSION = YES;
				CLANG_WARN_INFINITE_RECURSION = YES;
				CLANG_WARN_INT_CONVERSION = YES;
				CLANG_WARN_NON_LITERAL_NULL_CONVERSION = YES;
				CLANG_WARN_OBJC_IMPLICIT_RETAIN_SELF = YES;
				CLANG_WARN_OBJC_LITERAL_CONVERSION = YES;
				CLANG_WARN_OBJC_ROOT_CLASS = YES_ERROR;
				CLANG_WARN_QUOTED_INCLUDE_IN_FRAMEWORK_HEADER = YES;
				CLANG_WARN_RANGE_LOOP_ANALYSIS = YES;
				CLANG_WARN_STRICT_PROTOTYPES = YES;
				CLANG_WARN_SUSPICIOUS_MOVE = YES;
				CLANG_WARN_UNGUARDED_AVAILABILITY = YES_AGGRESSIVE;
				CLANG_WARN_UNREACHABLE_CODE = YES;
				CLANG_WARN__DUPLICATE_METHOD_MATCH = YES;
				CODE_SIGN_STYLE = Automatic;
				COPY_PHASE_STRIP = NO;
				CURRENT_PROJECT_VERSION = 1;
				DEBUG_INFORMATION_FORMAT = "dwarf-with-dsym";
				ENABLE_NS_ASSERTIONS = NO;
				ENABLE_STRICT_OBJC_MSGSEND = YES;
				GCC_C_LANGUAGE_STANDARD = gnu11;
				GCC_NO_COMMON_BLOCKS = YES;
				GCC_WARN_64_TO_32_BIT_CONVERSION = YES;
				GCC_WARN_ABOUT_RETURN_TYPE = YES_ERROR;
				GCC_WARN_UNDECLARED_SELECTOR = YES;
				GCC_WARN_UNINITIALIZED_AUTOS = YES_AGGRESSIVE;
				GCC_WARN_UNUSED_FUNCTION = YES;
				GCC_WARN_UNUSED_VARIABLE = YES;
				MACOSX_DEPLOYMENT_TARGET = 14.0;
				MARKETING_VERSION = 1.0;
				MTL_ENABLE_DEBUG_INFO = NO;
				MTL_FAST_MATH = YES;
				PRODUCT_NAME = "$(TARGET_NAME)";
				SDKROOT = macosx;
				SWIFT_COMPILATION_MODE = wholemodule;
				SWIFT_OPTIMIZATION_LEVEL = "-O";
				SWIFT_VERSION = 5.0;
			};
			name = Release;
		};
		EEA4408F5D9880A39CCB9D00 /* Debug */ = {
			isa = XCBuildConfiguration;
			buildSettings = {
				ALWAYS_SEARCH_USER_PATHS = NO;
				CLANG_ANALYZER_NONNULL = YES;
				CLANG_ANALYZER_NUMBER_OBJECT_CONVERSION = YES_AGGRESSIVE;
				CLANG_CXX_LANGUAGE_STANDARD = "gnu++14";
				CLANG_CXX_LIBRARY = "libc++";
				CLANG_ENABLE_MODULES = YES;
				CLANG_ENABLE_OBJC_ARC = YES;
				CLANG_ENABLE_OBJC_WEAK = YES;
				CLANG_WARN_BLOCK_CAPTURE_AUTORELEASING = YES;
				CLANG_WARN_BOOL_CONVERSION = YES;
				CLANG_WARN_COMMA = YES;
				CLANG_WARN_CONSTANT_CONVERSION = YES;
				CLANG_WARN_DEPRECATED_OBJC_IMPLEMENTATIONS = YES;
				CLANG_WARN_DIRECT_OBJC_ISA_USAGE = YES_ERROR;
				CLANG_WARN_DOCUMENTATION_COMMENTS = YES;
				CLANG_WARN_EMPTY_BODY = YES;
				CLANG_WARN_ENUM_CONVERSION = YES;
				CLANG_WARN_INFINITE_RECURSION = YES;
				CLANG_WARN_INT_CONVERSION = YES;
				CLANG_WARN_NON_LITERAL_NULL_CONVERSION = YES;
				CLANG_WARN_OBJC_IMPLICIT_RETAIN_SELF = YES;
				CLANG_WARN_OBJC_LITERAL_CONVERSION = YES;
				CLANG_WARN_OBJC_ROOT_CLASS = YES_ERROR;
				CLANG_WARN_QUOTED_INCLUDE_IN_FRAMEWORK_HEADER = YES;
				CLANG_WARN_RANGE_LOOP_ANALYSIS = YES;
				CLANG_WARN_STRICT_PROTOTYPES = YES;
				CLANG_WARN_SUSPICIOUS_MOVE = YES;
				CLANG_WARN_UNGUARDED_AVAILABILITY = YES_AGGRESSIVE;
				CLANG_WARN_UNREACHABLE_CODE = YES;
				CLANG_WARN__DUPLICATE_METHOD_MATCH = YES;
				CODE_SIGN_STYLE = Automatic;
				COPY_PHASE_STRIP = NO;
				CURRENT_PROJECT_VERSION = 1;
				DEBUG_INFORMATION_FORMAT = dwarf;
				ENABLE_STRICT_OBJC_MSGSEND = YES;
				ENABLE_TESTABILITY = YES;
				GCC_C_LANGUAGE_STANDARD = gnu11;
				GCC_DYNAMIC_NO_PIC = NO;
				GCC_NO_COMMON_BLOCKS = YES;
				GCC_OPTIMIZATION_LEVEL = 0;
				GCC_PREPROCESSOR_DEFINITIONS = (
					"$(inherited)",
					"DEBUG=1",
				);
				GCC_WARN_64_TO_32_BIT_CONVERSION = YES;
				GCC_WARN_ABOUT_RETURN_TYPE = YES_ERROR;
				GCC_WARN_UNDECLARED_SELECTOR = YES;
				GCC_WARN_UNINITIALIZED_AUTOS = YES_AGGRESSIVE;
				GCC_WARN_UNUSED_FUNCTION = YES;
				GCC_WARN_UNUSED_VARIABLE = YES;
				MACOSX_DEPLOYMENT_TARGET = 14.0;
				MARKETING_VERSION = 1.0;
				MTL_ENABLE_DEBUG_INFO = INCLUDE_SOURCE;
				MTL_FAST_MATH = YES;
				ONLY_ACTIVE_ARCH = YES;
				PRODUCT_NAME = "$(TARGET_NAME)";
				SDKROOT = macosx;
				SWIFT_ACTIVE_COMPILATION_CONDITIONS = DEBUG;
				SWIFT_OPTIMIZATION_LEVEL = "-Onone";
				SWIFT_VERSION = 5.0;
			};
			name = Debug;
		};
/* End XCBuildConfiguration section */

/* Begin XCConfigurationList section */
		A24F23D0D0D2BAE21945AC42 /* Build configuration list for PBXNativeTarget "WhisperMac" */ = {
			isa = XCConfigurationList;
			buildConfigurations = (
				714ACB3AF4F8D18E9A4A7F47 /* Debug */,
				2642F93AE641CFFDBCA94505 /* Release */,
			);
			defaultConfigurationIsVisible = 0;
			defaultConfigurationName = Debug;
		};
		A30FBBEF3CF9EE9AFB1205E0 /* Build configuration list for PBXProject "Whisper" */ = {
			isa = XCConfigurationList;
			buildConfigurations = (
				EEA4408F5D9880A39CCB9D00 /* Debug */,
				9AA8829FD7313BE2FABC1071 /* Release */,
			);
			defaultConfigurationIsVisible = 0;
			defaultConfigurationName = Debug;
		};
/* End XCConfigurationList section */

/* Begin XCLocalSwiftPackageReference section */
		B0AA3654A054F76B2BFB9496 /* XCLocalSwiftPackageReference "." */ = {
			isa = XCLocalSwiftPackageReference;
			relativePath = .;
		};
/* End XCLocalSwiftPackageReference section */

/* Begin XCRemoteSwiftPackageReference section */
		4D65F670D7C40F0682550396 /* XCRemoteSwiftPackageReference "HotKey" */ = {
			isa = XCRemoteSwiftPackageReference;
			repositoryURL = "https://github.com/soffes/HotKey.git";
			requirement = {
				kind = upToNextMajorVersion;
				minimumVersion = 0.2.0;
			};
		};
/* End XCRemoteSwiftPackageReference section */

/* Begin XCSwiftPackageProductDependency section */
		7F9958020379B20972D12E8E /* HotKey */ = {
			isa = XCSwiftPackageProductDependency;
			package = 4D65F670D7C40F0682550396 /* XCRemoteSwiftPackageReference "HotKey" */;
			productName = HotKey;
		};
		F5719942864E039F3FFAA78E /* WhisperShared */ = {
			isa = XCSwiftPackageProductDependency;
			productName = WhisperShared;
		};
/* End XCSwiftPackageProductDependency section */
	};
	rootObject = 63DA06B1090BEDB927AEBFC5 /* Project object */;
}
